
Microsoft Visual Studio Solution File, Format Version 12.00
# Visual Studio Version 17
VisualStudioVersion = 17.14.36518.9
MinimumVisualStudioVersion = 10.0.40219.1
Project("{FAE04EC0-301F-11D3-BF4B-00C04F79EFBC}") = "CarRental.Domain", "CarRental.Domain\CarRental.Domain.csproj", "{09AEB8CB-FFCD-4F63-AD62-C0CF77032E49}"
EndProject
Project("{FAE04EC0-301F-11D3-BF4B-00C04F79EFBC}") = "CarRental.Tests", "CarRental.Tests\CarRental.Tests.csproj", "{633D1A47-CE71-4E39-B2C7-2BDEE7A0E768}"
EndProject
Project("{FAE04EC0-301F-11D3-BF4B-00C04F79EFBC}") = "CarRental.Infrastructure.InMemory", "CarRental.Infrastructure.InMemory\CarRental.Infrastructure.InMemory.csproj", "{97F0A5F5-713C-4702-A0FB-267DCD7E97C8}"
EndProject
Project("{FAE04EC0-301F-11D3-BF4B-00C04F79EFBC}") = "CarRental.Application.Contracts", "CarRental.Application.Contracts\CarRental.Application.Contracts.csproj", "{D6D30217-5B0D-4191-9583-A09A9C0D5690}"
	ProjectSection(ProjectDependencies) = postProject
		{09AEB8CB-FFCD-4F63-AD62-C0CF77032E49} = {09AEB8CB-FFCD-4F63-AD62-C0CF77032E49}
	EndProjectSection
EndProject
Project("{FAE04EC0-301F-11D3-BF4B-00C04F79EFBC}") = "CarRental.Application", "CarRental.Application\CarRental.Application.csproj", "{9A60D9A1-D537-420D-BFDE-A4AAC04AA764}"
EndProject
Project("{FAE04EC0-301F-11D3-BF4B-00C04F79EFBC}") = "CarRental.Api", "CarRental.Api\CarRental.Api.csproj", "{11C4D476-BDD8-4132-9D85-C7F5D05C73F2}"
EndProject
Project("{FAE04EC0-301F-11D3-BF4B-00C04F79EFBC}") = "CarRental.Infrastructure.EfCore", "CarRental.Infrastructure.EfCore\CarRental.Infrastructure.EfCore.csproj", "{DC62F34B-14BE-4019-A69C-736D4563ED41}"
EndProject
Project("{FAE04EC0-301F-11D3-BF4B-00C04F79EFBC}") = "CarRental.AppHost", "CarRental.AppHost\CarRental.AppHost.csproj", "{0C14BF27-ACC6-4806-A374-27A9F167E8BA}"
EndProject
Project("{FAE04EC0-301F-11D3-BF4B-00C04F79EFBC}") = "CarRental.ServiceDefaults", "CarRental.ServiceDefaults\CarRental.ServiceDefaults.csproj", "{5D2BF94D-59D5-96DD-67AA-FD337168498F}"
EndProject
Global
	GlobalSection(SolutionConfigurationPlatforms) = preSolution
		Debug|Any CPU = Debug|Any CPU
		Release|Any CPU = Release|Any CPU
	EndGlobalSection
	GlobalSection(ProjectConfigurationPlatforms) = postSolution
		{09AEB8CB-FFCD-4F63-AD62-C0CF77032E49}.Debug|Any CPU.ActiveCfg = Debug|Any CPU
		{09AEB8CB-FFCD-4F63-AD62-C0CF77032E49}.Debug|Any CPU.Build.0 = Debug|Any CPU
		{09AEB8CB-FFCD-4F63-AD62-C0CF77032E49}.Release|Any CPU.ActiveCfg = Release|Any CPU
		{09AEB8CB-FFCD-4F63-AD62-C0CF77032E49}.Release|Any CPU.Build.0 = Release|Any CPU
		{633D1A47-CE71-4E39-B2C7-2BDEE7A0E768}.Debug|Any CPU.ActiveCfg = Debug|Any CPU
		{633D1A47-CE71-4E39-B2C7-2BDEE7A0E768}.Debug|Any CPU.Build.0 = Debug|Any CPU
		{633D1A47-CE71-4E39-B2C7-2BDEE7A0E768}.Release|Any CPU.ActiveCfg = Release|Any CPU
		{633D1A47-CE71-4E39-B2C7-2BDEE7A0E768}.Release|Any CPU.Build.0 = Release|Any CPU
		{97F0A5F5-713C-4702-A0FB-267DCD7E97C8}.Debug|Any CPU.ActiveCfg = Debug|Any CPU
		{97F0A5F5-713C-4702-A0FB-267DCD7E97C8}.Debug|Any CPU.Build.0 = Debug|Any CPU
		{97F0A5F5-713C-4702-A0FB-267DCD7E97C8}.Release|Any CPU.ActiveCfg = Release|Any CPU
		{97F0A5F5-713C-4702-A0FB-267DCD7E97C8}.Release|Any CPU.Build.0 = Release|Any CPU
		{D6D30217-5B0D-4191-9583-A09A9C0D5690}.Debug|Any CPU.ActiveCfg = Debug|Any CPU
		{D6D30217-5B0D-4191-9583-A09A9C0D5690}.Debug|Any CPU.Build.0 = Debug|Any CPU
		{D6D30217-5B0D-4191-9583-A09A9C0D5690}.Release|Any CPU.ActiveCfg = Release|Any CPU
		{D6D30217-5B0D-4191-9583-A09A9C0D5690}.Release|Any CPU.Build.0 = Release|Any CPU
		{9A60D9A1-D537-420D-BFDE-A4AAC04AA764}.Debug|Any CPU.ActiveCfg = Debug|Any CPU
		{9A60D9A1-D537-420D-BFDE-A4AAC04AA764}.Debug|Any CPU.Build.0 = Debug|Any CPU
		{9A60D9A1-D537-420D-BFDE-A4AAC04AA764}.Release|Any CPU.ActiveCfg = Release|Any CPU
		{9A60D9A1-D537-420D-BFDE-A4AAC04AA764}.Release|Any CPU.Build.0 = Release|Any CPU
		{11C4D476-BDD8-4132-9D85-C7F5D05C73F2}.Debug|Any CPU.ActiveCfg = Debug|Any CPU
		{11C4D476-BDD8-4132-9D85-C7F5D05C73F2}.Debug|Any CPU.Build.0 = Debug|Any CPU
		{11C4D476-BDD8-4132-9D85-C7F5D05C73F2}.Release|Any CPU.ActiveCfg = Release|Any CPU
		{11C4D476-BDD8-4132-9D85-C7F5D05C73F2}.Release|Any CPU.Build.0 = Release|Any CPU
		{DC62F34B-14BE-4019-A69C-736D4563ED41}.Debug|Any CPU.ActiveCfg = Debug|Any CPU
		{DC62F34B-14BE-4019-A69C-736D4563ED41}.Debug|Any CPU.Build.0 = Debug|Any CPU
		{DC62F34B-14BE-4019-A69C-736D4563ED41}.Release|Any CPU.ActiveCfg = Release|Any CPU
		{DC62F34B-14BE-4019-A69C-736D4563ED41}.Release|Any CPU.Build.0 = Release|Any CPU
		{0C14BF27-ACC6-4806-A374-27A9F167E8BA}.Debug|Any CPU.ActiveCfg = Debug|Any CPU
		{0C14BF27-ACC6-4806-A374-27A9F167E8BA}.Debug|Any CPU.Build.0 = Debug|Any CPU
		{0C14BF27-ACC6-4806-A374-27A9F167E8BA}.Release|Any CPU.ActiveCfg = Release|Any CPU
		{0C14BF27-ACC6-4806-A374-27A9F167E8BA}.Release|Any CPU.Build.0 = Release|Any CPU
		{5D2BF94D-59D5-96DD-67AA-FD337168498F}.Debug|Any CPU.ActiveCfg = Debug|Any CPU
		{5D2BF94D-59D5-96DD-67AA-FD337168498F}.Debug|Any CPU.Build.0 = Debug|Any CPU
		{5D2BF94D-59D5-96DD-67AA-FD337168498F}.Release|Any CPU.ActiveCfg = Release|Any CPU
		{5D2BF94D-59D5-96DD-67AA-FD337168498F}.Release|Any CPU.Build.0 = Release|Any CPU
	EndGlobalSection
	GlobalSection(SolutionProperties) = preSolution
		HideSolutionNode = FALSE
	EndGlobalSection
	GlobalSection(ExtensibilityGlobals) = postSolution
		SolutionGuid = {BCC01534-056E-4F55-809A-A547D16C63EE}
	EndGlobalSection
EndGlobal
